
Microsoft Visual Studio Solution File, Format Version 12.00
# Visual Studio 2013
VisualStudioVersion = 12.0.21005.1
MinimumVisualStudioVersion = 10.0.40219.1
Project("{FAE04EC0-301F-11D3-BF4B-00C04F79EFBC}") = "EQueue", "EQueue\EQueue.csproj", "{CE352FFB-7034-4F71-8D93-78ECED099125}"
EndProject
Project("{2150E333-8FDC-42A3-9474-1A3956D46DE8}") = "Samples", "Samples", "{645B2898-D082-408D-BCD7-AC72A2092D33}"
EndProject
Project("{2150E333-8FDC-42A3-9474-1A3956D46DE8}") = "QuickStart", "QuickStart", "{E4BBD460-A437-4AC8-854D-AA7CA34B62F5}"
EndProject
Project("{FAE04EC0-301F-11D3-BF4B-00C04F79EFBC}") = "QuickStart.ProducerClient", "Samples\QuickStart\QuickStart.ProducerClient\QuickStart.ProducerClient.csproj", "{D93C0587-356F-4243-A039-F998F36D4DA6}"
EndProject
Project("{FAE04EC0-301F-11D3-BF4B-00C04F79EFBC}") = "QuickStart.BrokerServer", "Samples\QuickStart\QuickStart.BrokerServer\QuickStart.BrokerServer.csproj", "{31A79375-9EA3-42E9-91EF-7803CB135AF2}"
EndProject
Project("{FAE04EC0-301F-11D3-BF4B-00C04F79EFBC}") = "QuickStart.ConsumerClient", "Samples\QuickStart\QuickStart.ConsumerClient\QuickStart.ConsumerClient.csproj", "{BC1219CF-C5E5-4385-AF55-E537706996AB}"
EndProject
Project("{2150E333-8FDC-42A3-9474-1A3956D46DE8}") = ".nuget", ".nuget", "{33C6C286-E8C3-46C1-8132-3E6E88A42AAB}"
	ProjectSection(SolutionItems) = preProject
		.nuget\NuGet.Config = .nuget\NuGet.Config
		.nuget\NuGet.exe = .nuget\NuGet.exe
		.nuget\NuGet.targets = .nuget\NuGet.targets
	EndProjectSection
EndProject
Project("{FAE04EC0-301F-11D3-BF4B-00C04F79EFBC}") = "EQueue.AdminWeb", "EQueue.AdminWeb\EQueue.AdminWeb.csproj", "{1BF427DA-0965-4F8E-BFEB-439DCD3228B0}"
EndProject
Global
	GlobalSection(SolutionConfigurationPlatforms) = preSolution
		Debug|Any CPU = Debug|Any CPU
		Release|Any CPU = Release|Any CPU
	EndGlobalSection
	GlobalSection(ProjectConfigurationPlatforms) = postSolution
		{CE352FFB-7034-4F71-8D93-78ECED099125}.Debug|Any CPU.ActiveCfg = Debug|Any CPU
		{CE352FFB-7034-4F71-8D93-78ECED099125}.Debug|Any CPU.Build.0 = Debug|Any CPU
		{CE352FFB-7034-4F71-8D93-78ECED099125}.Release|Any CPU.ActiveCfg = Release|Any CPU
		{CE352FFB-7034-4F71-8D93-78ECED099125}.Release|Any CPU.Build.0 = Release|Any CPU
		{D93C0587-356F-4243-A039-F998F36D4DA6}.Debug|Any CPU.ActiveCfg = Debug|Any CPU
		{D93C0587-356F-4243-A039-F998F36D4DA6}.Debug|Any CPU.Build.0 = Debug|Any CPU
		{D93C0587-356F-4243-A039-F998F36D4DA6}.Release|Any CPU.ActiveCfg = Release|Any CPU
		{D93C0587-356F-4243-A039-F998F36D4DA6}.Release|Any CPU.Build.0 = Release|Any CPU
		{31A79375-9EA3-42E9-91EF-7803CB135AF2}.Debug|Any CPU.ActiveCfg = Debug|Any CPU
		{31A79375-9EA3-42E9-91EF-7803CB135AF2}.Debug|Any CPU.Build.0 = Debug|Any CPU
		{31A79375-9EA3-42E9-91EF-7803CB135AF2}.Release|Any CPU.ActiveCfg = Release|Any CPU
		{31A79375-9EA3-42E9-91EF-7803CB135AF2}.Release|Any CPU.Build.0 = Release|Any CPU
		{BC1219CF-C5E5-4385-AF55-E537706996AB}.Debug|Any CPU.ActiveCfg = Debug|Any CPU
		{BC1219CF-C5E5-4385-AF55-E537706996AB}.Debug|Any CPU.Build.0 = Debug|Any CPU
		{BC1219CF-C5E5-4385-AF55-E537706996AB}.Release|Any CPU.ActiveCfg = Release|Any CPU
		{BC1219CF-C5E5-4385-AF55-E537706996AB}.Release|Any CPU.Build.0 = Release|Any CPU
		{1BF427DA-0965-4F8E-BFEB-439DCD3228B0}.Debug|Any CPU.ActiveCfg = Debug|Any CPU
		{1BF427DA-0965-4F8E-BFEB-439DCD3228B0}.Debug|Any CPU.Build.0 = Debug|Any CPU
		{1BF427DA-0965-4F8E-BFEB-439DCD3228B0}.Release|Any CPU.ActiveCfg = Release|Any CPU
		{1BF427DA-0965-4F8E-BFEB-439DCD3228B0}.Release|Any CPU.Build.0 = Release|Any CPU
	EndGlobalSection
	GlobalSection(SolutionProperties) = preSolution
		HideSolutionNode = FALSE
	EndGlobalSection
	GlobalSection(NestedProjects) = preSolution
		{E4BBD460-A437-4AC8-854D-AA7CA34B62F5} = {645B2898-D082-408D-BCD7-AC72A2092D33}
		{D93C0587-356F-4243-A039-F998F36D4DA6} = {E4BBD460-A437-4AC8-854D-AA7CA34B62F5}
		{31A79375-9EA3-42E9-91EF-7803CB135AF2} = {E4BBD460-A437-4AC8-854D-AA7CA34B62F5}
		{BC1219CF-C5E5-4385-AF55-E537706996AB} = {E4BBD460-A437-4AC8-854D-AA7CA34B62F5}
	EndGlobalSection
EndGlobal
